// !$*UTF8*$!
{
	archiveVersion = 1;
	classes = {
	};
	objectVersion = 48;
	objects = {

/* Begin PBXBuildFile section */
		2B7C72DA1FE901D800D8FA7F /* AppDelegate.m in Sources */ = {isa = PBXBuildFile; fileRef = 2B7C72D91FE901D800D8FA7F /* AppDelegate.m */; };
		2B7C72DD1FE901D800D8FA7F /* ViewController.m in Sources */ = {isa = PBXBuildFile; fileRef = 2B7C72DC1FE901D800D8FA7F /* ViewController.m */; };
		2B7C72E01FE901D800D8FA7F /* Main.storyboard in Resources */ = {isa = PBXBuildFile; fileRef = 2B7C72DE1FE901D800D8FA7F /* Main.storyboard */; };
		2B7C72E21FE901D800D8FA7F /* Assets.xcassets in Resources */ = {isa = PBXBuildFile; fileRef = 2B7C72E11FE901D800D8FA7F /* Assets.xcassets */; };
		2B7C72E51FE901D800D8FA7F /* LaunchScreen.storyboard in Resources */ = {isa = PBXBuildFile; fileRef = 2B7C72E31FE901D800D8FA7F /* LaunchScreen.storyboard */; };
		2B7C72E81FE901D800D8FA7F /* main.m in Sources */ = {isa = PBXBuildFile; fileRef = 2B7C72E71FE901D800D8FA7F /* main.m */; };
		2B7C72F01FE903BD00D8FA7F /* OpenGLESView.m in Sources */ = {isa = PBXBuildFile; fileRef = 2B7C72EF1FE903BD00D8FA7F /* OpenGLESView.m */; };
/* End PBXBuildFile section */

/* Begin PBXFileReference section */
		2B7C72D51FE901D800D8FA7F /* Opengl_1.app */ = {isa = PBXFileReference; explicitFileType = wrapper.application; includeInIndex = 0; path = Opengl_1.app; sourceTree = BUILT_PRODUCTS_DIR; };
		2B7C72D81FE901D800D8FA7F /* AppDelegate.h */ = {isa = PBXFileReference; lastKnownFileType = sourcecode.c.h; path = AppDelegate.h; sourceTree = "<group>"; };
		2B7C72D91FE901D800D8FA7F /* AppDelegate.m */ = {isa = PBXFileReference; lastKnownFileType = sourcecode.c.objc; path = AppDelegate.m; sourceTree = "<group>"; };
		2B7C72DB1FE901D800D8FA7F /* ViewController.h */ = {isa = PBXFileReference; lastKnownFileType = sourcecode.c.h; path = ViewController.h; sourceTree = "<group>"; };
		2B7C72DC1FE901D800D8FA7F /* ViewController.m */ = {isa = PBXFileReference; lastKnownFileType = sourcecode.c.objc; path = ViewController.m; sourceTree = "<group>"; };
		2B7C72DF1FE901D800D8FA7F /* Base */ = {isa = PBXFileReference; lastKnownFileType = file.storyboard; name = Base; path = Base.lproj/Main.storyboard; sourceTree = "<group>"; };
		2B7C72E11FE901D800D8FA7F /* Assets.xcassets */ = {isa = PBXFileReference; lastKnownFileType = folder.assetcatalog; path = Assets.xcassets; sourceTree = "<group>"; };
		2B7C72E41FE901D800D8FA7F /* Base */ = {isa = PBXFileReference; lastKnownFileType = file.storyboard; name = Base; path = Base.lproj/LaunchScreen.storyboard; sourceTree = "<group>"; };
		2B7C72E61FE901D800D8FA7F /* Info.plist */ = {isa = PBXFileReference; lastKnownFileType = text.plist.xml; path = Info.plist; sourceTree = "<group>"; };
		2B7C72E71FE901D800D8FA7F /* main.m */ = {isa = PBXFileReference; lastKnownFileType = sourcecode.c.objc; path = main.m; sourceTree = "<group>"; };
		2B7C72EE1FE903BD00D8FA7F /* OpenGLESView.h */ = {isa = PBXFileReference; lastKnownFileType = sourcecode.c.h; path = OpenGLESView.h; sourceTree = "<group>"; };
		2B7C72EF1FE903BD00D8FA7F /* OpenGLESView.m */ = {isa = PBXFileReference; lastKnownFileType = sourcecode.c.objc; path = OpenGLESView.m; sourceTree = "<group>"; };
/* End PBXFileReference section */

/* Begin PBXFrameworksBuildPhase section */
		2B7C72D21FE901D800D8FA7F /* Frameworks */ = {
			isa = PBXFrameworksBuildPhase;
			buildActionMask = 2147483647;
			files = (
			);
			runOnlyForDeploymentPostprocessing = 0;
		};
/* End PBXFrameworksBuildPhase section */

/* Begin PBXGroup section */
		2B7C72CC1FE901D800D8FA7F = {
			isa = PBXGroup;
			children = (
				2B7C72D71FE901D800D8FA7F /* Opengl_1 */,
				2B7C72D61FE901D800D8FA7F /* Products */,
			);
			sourceTree = "<group>";
		};
		2B7C72D61FE901D800D8FA7F /* Products */ = {
			isa = PBXGroup;
			children = (
				2B7C72D51FE901D800D8FA7F /* Opengl_1.app */,
			);
			name = Products;
			sourceTree = "<group>";
		};
		2B7C72D71FE901D800D8FA7F /* Opengl_1 */ = {
			isa = PBXGroup;
			children = (
				2B7C72D81FE901D800D8FA7F /* AppDelegate.h */,
				2B7C72D91FE901D800D8FA7F /* AppDelegate.m */,
				2B7C72DB1FE901D800D8FA7F /* ViewController.h */,
				2B7C72DC1FE901D800D8FA7F /* ViewController.m */,
				2B7C72EE1FE903BD00D8FA7F /* OpenGLESView.h */,
				2B7C72EF1FE903BD00D8FA7F /* OpenGLESView.m */,
				2B7C72DE1FE901D800D8FA7F /* Main.storyboard */,
				2B7C72E11FE901D800D8FA7F /* Assets.xcassets */,
				2B7C72E31FE901D800D8FA7F /* LaunchScreen.storyboard */,
				2B7C72E61FE901D800D8FA7F /* Info.plist */,
				2B7C72E71FE901D800D8FA7F /* main.m */,
			);
			path = Opengl_1;
			sourceTree = "<group>";
		};
/* End PBXGroup section */

/* Begin PBXNativeTarget section */
		2B7C72D41FE901D800D8FA7F /* Opengl_1 */ = {
			isa = PBXNativeTarget;
			buildConfigurationList = 2B7C72EB1FE901D800D8FA7F /* Build configuration list for PBXNativeTarget "Opengl_1" */;
			buildPhases = (
				2B7C72D11FE901D800D8FA7F /* Sources */,
				2B7C72D21FE901D800D8FA7F /* Frameworks */,
				2B7C72D31FE901D800D8FA7F /* Resources */,
			);
			buildRules = (
			);
			dependencies = (
			);
			name = Opengl_1;
			productName = Opengl_1;
			productReference = 2B7C72D51FE901D800D8FA7F /* Opengl_1.app */;
			productType = "com.apple.product-type.application";
		};
/* End PBXNativeTarget section */

/* Begin PBXProject section */
		2B7C72CD1FE901D800D8FA7F /* Project object */ = {
			isa = PBXProject;
			attributes = {
				LastUpgradeCheck = 0900;
				ORGANIZATIONNAME = NicoLin;
				TargetAttributes = {
					2B7C72D41FE901D800D8FA7F = {
						CreatedOnToolsVersion = 9.0;
						ProvisioningStyle = Automatic;
					};
				};
			};
			buildConfigurationList = 2B7C72D01FE901D800D8FA7F /* Build configuration list for PBXProject "Opengl_1" */;
			compatibilityVersion = "Xcode 8.0";
			developmentRegion = en;
			hasScannedForEncodings = 0;
			knownRegions = (
				en,
				Base,
			);
			mainGroup = 2B7C72CC1FE901D800D8FA7F;
			productRefGroup = 2B7C72D61FE901D800D8FA7F /* Products */;
			projectDirPath = "";
			projectRoot = "";
			targets = (
				2B7C72D41FE901D800D8FA7F /* Opengl_1 */,
			);
		};
/* End PBXProject section */

/* Begin PBXResourcesBuildPhase section */
		2B7C72D31FE901D800D8FA7F /* Resources */ = {
			isa = PBXResourcesBuildPhase;
			buildActionMask = 2147483647;
			files = (
				2B7C72E51FE901D800D8FA7F /* LaunchScreen.storyboard in Resources */,
				2B7C72E21FE901D800D8FA7F /* Assets.xcassets in Resources */,
				2B7C72E01FE901D800D8FA7F /* Main.storyboard in Resources */,
			);
			runOnlyForDeploymentPostprocessing = 0;
		};
/* End PBXResourcesBuildPhase section */

/* Begin PBXSourcesBuildPhase section */
		2B7C72D11FE901D800D8FA7F /* Sources */ = {
			isa = PBXSourcesBuildPhase;
			buildActionMask = 2147483647;
			files = (
				2B7C72DD1FE901D800D8FA7F /* ViewController.m in Sources */,
				2B7C72F01FE903BD00D8FA7F /* OpenGLESView.m in Sources */,
				2B7C72E81FE901D800D8FA7F /* main.m in Sources */,
				2B7C72DA1FE901D800D8FA7F /* AppDelegate.m in Sources */,
			);
			runOnlyForDeploymentPostprocessing = 0;
		};
/* End PBXSourcesBuildPhase section */

/* Begin PBXVariantGroup section */
		2B7C72DE1FE901D800D8FA7F /* Main.storyboard */ = {
			isa = PBXVariantGroup;
			children = (
				2B7C72DF1FE901D800D8FA7F /* Base */,
			);
			name = Main.storyboard;
			sourceTree = "<group>";
		};
		2B7C72E31FE901D800D8FA7F /* LaunchScreen.storyboard */ = {
			isa = PBXVariantGroup;
			children = (
				2B7C72E41FE901D800D8FA7F /* Base */,
			);
			name = LaunchScreen.storyboard;
			sourceTree = "<group>";
		};
/* End PBXVariantGroup section */

/* Begin XCBuildConfiguration section */
		2B7C72E91FE901D800D8FA7F /* Debug */ = {
			isa = XCBuildConfiguration;
			buildSettings = {
				ALWAYS_SEARCH_USER_PATHS = NO;
				CLANG_ANALYZER_NONNULL = YES;
				CLANG_ANALYZER_NUMBER_OBJECT_CONVERSION = YES_AGGRESSIVE;
				CLANG_CXX_LANGUAGE_STANDARD = "gnu++14";
				CLANG_CXX_LIBRARY = "libc++";
				CLANG_ENABLE_MODULES = YES;
				CLANG_ENABLE_OBJC_ARC = YES;
				CLANG_WARN_BLOCK_CAPTURE_AUTORELEASING = YES;
				CLANG_WARN_BOOL_CONVERSION = YES;
				CLANG_WARN_COMMA = YES;
				CLANG_WARN_CONSTANT_CONVERSION = YES;
				CLANG_WARN_DIRECT_OBJC_ISA_USAGE = YES_ERROR;
				CLANG_WARN_DOCUMENTATION_COMMENTS = YES;
				CLANG_WARN_EMPTY_BODY = YES;
				CLANG_WARN_ENUM_CONVERSION = YES;
				CLANG_WARN_INFINITE_RECURSION = YES;
				CLANG_WARN_INT_CONVERSION = YES;
				CLANG_WARN_NON_LITERAL_NULL_CONVERSION = YES;
				CLANG_WARN_OBJC_LITERAL_CONVERSION = YES;
				CLANG_WARN_OBJC_ROOT_CLASS = YES_ERROR;
				CLANG_WARN_RANGE_LOOP_ANALYSIS = YES;
				CLANG_WARN_STRICT_PROTOTYPES = YES;
				CLANG_WARN_SUSPICIOUS_MOVE = YES;
				CLANG_WARN_UNGUARDED_AVAILABILITY = YES_AGGRESSIVE;
				CLANG_WARN_UNREACHABLE_CODE = YES;
				CLANG_WARN__DUPLICATE_METHOD_MATCH = YES;
				CODE_SIGN_IDENTITY = "iPhone Developer";
				COPY_PHASE_STRIP = NO;
				DEBUG_INFORMATION_FORMAT = dwarf;
				ENABLE_STRICT_OBJC_MSGSEND = YES;
				ENABLE_TESTABILITY = YES;
				GCC_C_LANGUAGE_STANDARD = gnu11;
				GCC_DYNAMIC_NO_PIC = NO;
				GCC_NO_COMMON_BLOCKS = YES;
				GCC_OPTIMIZATION_LEVEL = 0;
				GCC_PREPROCESSOR_DEFINITIONS = (
					"DEBUG=1",
					"$(inherited)",
				);
				GCC_WARN_64_TO_32_BIT_CONVERSION = YES;
				GCC_WARN_ABOUT_RETURN_TYPE = YES_ERROR;
				GCC_WARN_UNDECLARED_SELECTOR = YES;
				GCC_WARN_UNINITIALIZED_AUTOS = YES_AGGRESSIVE;
				GCC_WARN_UNUSED_FUNCTION = YES;
				GCC_WARN_UNUSED_VARIABLE = YES;
				IPHONEOS_DEPLOYMENT_TARGET = 11.0;
				MTL_ENABLE_DEBUG_INFO = YES;
				ONLY_ACTIVE_ARCH = YES;
				SDKROOT = iphoneos;
			};
			name = Debug;
		};
		2B7C72EA1FE901D800D8FA7F /* Release */ = {
			isa = XCBuildConfiguration;
			buildSettings = {
				ALWAYS_SEARCH_USER_PATHS = NO;
				CLANG_ANALYZER_NONNULL = YES;
				CLANG_ANALYZER_NUMBER_OBJECT_CONVERSION = YES_AGGRESSIVE;
				CLANG_CXX_LANGUAGE_STANDARD = "gnu++14";
				CLANG_CXX_LIBRARY = "libc++";
				CLANG_ENABLE_MODULES = YES;
				CLANG_ENABLE_OBJC_ARC = YES;
				CLANG_WARN_BLOCK_CAPTURE_AUTORELEASING = YES;
				CLANG_WARN_BOOL_CONVERSION = YES;
				CLANG_WARN_COMMA = YES;
				CLANG_WARN_CONSTANT_CONVERSION = YES;
				CLANG_WARN_DIRECT_OBJC_ISA_USAGE = YES_ERROR;
				CLANG_WARN_DOCUMENTATION_COMMENTS = YES;
				CLANG_WARN_EMPTY_BODY = YES;
				CLANG_WARN_ENUM_CONVERSION = YES;
				CLANG_WARN_INFINITE_RECURSION = YES;
				CLANG_WARN_INT_CONVERSION = YES;
				CLANG_WARN_NON_LITERAL_NULL_CONVERSION = YES;
				CLANG_WARN_OBJC_LITERAL_CONVERSION = YES;
				CLANG_WARN_OBJC_ROOT_CLASS = YES_ERROR;
				CLANG_WARN_RANGE_LOOP_ANALYSIS = YES;
				CLANG_WARN_STRICT_PROTOTYPES = YES;
				CLANG_WARN_SUSPICIOUS_MOVE = YES;
				CLANG_WARN_UNGUARDED_AVAILABILITY = YES_AGGRESSIVE;
				CLANG_WARN_UNREACHABLE_CODE = YES;
				CLANG_WARN__DUPLICATE_METHOD_MATCH = YES;
				CODE_SIGN_IDENTITY = "iPhone Developer";
				COPY_PHASE_STRIP = NO;
				DEBUG_INFORMATION_FORMAT = "dwarf-with-dsym";
				ENABLE_NS_ASSERTIONS = NO;
				ENABLE_STRICT_OBJC_MSGSEND = YES;
				GCC_C_LANGUAGE_STANDARD = gnu11;
				GCC_NO_COMMON_BLOCKS = YES;
				GCC_WARN_64_TO_32_BIT_CONVERSION = YES;
				GCC_WARN_ABOUT_RETURN_TYPE = YES_ERROR;
				GCC_WARN_UNDECLARED_SELECTOR = YES;
				GCC_WARN_UNINITIALIZED_AUTOS = YES_AGGRESSIVE;
				GCC_WARN_UNUSED_FUNCTION = YES;
				GCC_WARN_UNUSED_VARIABLE = YES;
				IPHONEOS_DEPLOYMENT_TARGET = 11.0;
				MTL_ENABLE_DEBUG_INFO = NO;
				SDKROOT = iphoneos;
				VALIDATE_PRODUCT = YES;
			};
			name = Release;
		};
		2B7C72EC1FE901D800D8FA7F /* Debug */ = {
			isa = XCBuildConfiguration;
			buildSettings = {
				ASSETCATALOG_COMPILER_APPICON_NAME = AppIcon;
				CODE_SIGN_STYLE = Automatic;
				DEVELOPMENT_TEAM = CD678479PM;
				INFOPLIST_FILE = Opengl_1/Info.plist;
				LD_RUNPATH_SEARCH_PATHS = "$(inherited) @executable_path/Frameworks";
				PRODUCT_BUNDLE_IDENTIFIER = "com.Opengl-1";
				PRODUCT_NAME = "$(TARGET_NAME)";
				TARGETED_DEVICE_FAMILY = "1,2";
			};
			name = Debug;
		};
		2B7C72ED1FE901D800D8FA7F /* Release */ = {
			isa = XCBuildConfiguration;
			buildSettings = {
				ASSETCATALOG_COMPILER_APPICON_NAME = AppIcon;
				CODE_SIGN_STYLE = Automatic;
				DEVELOPMENT_TEAM = CD678479PM;
				INFOPLIST_FILE = Opengl_1/Info.plist;
				LD_RUNPATH_SEARCH_PATHS = "$(inherited) @executable_path/Frameworks";
				PRODUCT_BUNDLE_IDENTIFIER = "com.Opengl-1";
				PRODUCT_NAME = "$(TARGET_NAME)";
				TARGETED_DEVICE_FAMILY = "1,2";
			};
			name = Release;
		};
/* End XCBuildConfiguration section */

/* Begin XCConfigurationList section */
		2B7C72D01FE901D800D8FA7F /* Build configuration list for PBXProject "Opengl_1" */ = {
			isa = XCConfigurationList;
			buildConfigurations = (
				2B7C72E91FE901D800D8FA7F /* Debug */,
				2B7C72EA1FE901D800D8FA7F /* Release */,
			);
			defaultConfigurationIsVisible = 0;
			defaultConfigurationName = Release;
		};
		2B7C72EB1FE901D800D8FA7F /* Build configuration list for PBXNativeTarget "Opengl_1" */ = {
			isa = XCConfigurationList;
			buildConfigurations = (
				2B7C72EC1FE901D800D8FA7F /* Debug */,
				2B7C72ED1FE901D800D8FA7F /* Release */,
			);
			defaultConfigurationIsVisible = 0;
			defaultConfigurationName = Release;
		};
/* End XCConfigurationList section */
	};
	rootObject = 2B7C72CD1FE901D800D8FA7F /* Project object */;
}
