// !$*UTF8*$!
{
	archiveVersion = 1;
	classes = {
	};
	objectVersion = 48;
	objects = {

/* Begin PBXBuildFile section */
		B675154C1FE958640095A2D5 /* AppDelegate.m in Sources */ = {isa = PBXBuildFile; fileRef = B675154B1FE958640095A2D5 /* AppDelegate.m */; };
		B675154F1FE958640095A2D5 /* ViewController.m in Sources */ = {isa = PBXBuildFile; fileRef = B675154E1FE958640095A2D5 /* ViewController.m */; };
		B67515521FE958640095A2D5 /* Main.storyboard in Resources */ = {isa = PBXBuildFile; fileRef = B67515501FE958640095A2D5 /* Main.storyboard */; };
		B67515541FE958640095A2D5 /* Assets.xcassets in Resources */ = {isa = PBXBuildFile; fileRef = B67515531FE958640095A2D5 /* Assets.xcassets */; };
		B67515571FE958640095A2D5 /* LaunchScreen.storyboard in Resources */ = {isa = PBXBuildFile; fileRef = B67515551FE958640095A2D5 /* LaunchScreen.storyboard */; };
		B675155A1FE958640095A2D5 /* main.m in Sources */ = {isa = PBXBuildFile; fileRef = B67515591FE958640095A2D5 /* main.m */; };
		B67515621FE95B3A0095A2D5 /* vert.glsl in Resources */ = {isa = PBXBuildFile; fileRef = B67515611FE95B3A0095A2D5 /* vert.glsl */; };
		B67515641FE95B4A0095A2D5 /* frag.glsl in Resources */ = {isa = PBXBuildFile; fileRef = B67515631FE95B4A0095A2D5 /* frag.glsl */; };
		B675156A1FE95B860095A2D5 /* GLUtil.c in Sources */ = {isa = PBXBuildFile; fileRef = B67515661FE95B850095A2D5 /* GLUtil.c */; };
		B675156B1FE95B860095A2D5 /* OpenGLESView.m in Sources */ = {isa = PBXBuildFile; fileRef = B67515691FE95B860095A2D5 /* OpenGLESView.m */; };
/* End PBXBuildFile section */

/* Begin PBXFileReference section */
		B67515471FE958640095A2D5 /* opengl_demo.app */ = {isa = PBXFileReference; explicitFileType = wrapper.application; includeInIndex = 0; path = opengl_demo.app; sourceTree = BUILT_PRODUCTS_DIR; };
		B675154A1FE958640095A2D5 /* AppDelegate.h */ = {isa = PBXFileReference; lastKnownFileType = sourcecode.c.h; path = AppDelegate.h; sourceTree = "<group>"; };
		B675154B1FE958640095A2D5 /* AppDelegate.m */ = {isa = PBXFileReference; lastKnownFileType = sourcecode.c.objc; path = AppDelegate.m; sourceTree = "<group>"; };
		B675154D1FE958640095A2D5 /* ViewController.h */ = {isa = PBXFileReference; lastKnownFileType = sourcecode.c.h; path = ViewController.h; sourceTree = "<group>"; };
		B675154E1FE958640095A2D5 /* ViewController.m */ = {isa = PBXFileReference; lastKnownFileType = sourcecode.c.objc; path = ViewController.m; sourceTree = "<group>"; };
		B67515511FE958640095A2D5 /* Base */ = {isa = PBXFileReference; lastKnownFileType = file.storyboard; name = Base; path = Base.lproj/Main.storyboard; sourceTree = "<group>"; };
		B67515531FE958640095A2D5 /* Assets.xcassets */ = {isa = PBXFileReference; lastKnownFileType = folder.assetcatalog; path = Assets.xcassets; sourceTree = "<group>"; };
		B67515561FE958640095A2D5 /* Base */ = {isa = PBXFileReference; lastKnownFileType = file.storyboard; name = Base; path = Base.lproj/LaunchScreen.storyboard; sourceTree = "<group>"; };
		B67515581FE958640095A2D5 /* Info.plist */ = {isa = PBXFileReference; lastKnownFileType = text.plist.xml; path = Info.plist; sourceTree = "<group>"; };
		B67515591FE958640095A2D5 /* main.m */ = {isa = PBXFileReference; lastKnownFileType = sourcecode.c.objc; path = main.m; sourceTree = "<group>"; };
		B67515611FE95B3A0095A2D5 /* vert.glsl */ = {isa = PBXFileReference; lastKnownFileType = text; path = vert.glsl; sourceTree = "<group>"; };
		B67515631FE95B4A0095A2D5 /* frag.glsl */ = {isa = PBXFileReference; lastKnownFileType = text; path = frag.glsl; sourceTree = "<group>"; };
		B67515661FE95B850095A2D5 /* GLUtil.c */ = {isa = PBXFileReference; fileEncoding = 4; lastKnownFileType = sourcecode.c.c; path = GLUtil.c; sourceTree = "<group>"; };
		B67515671FE95B850095A2D5 /* GLUtil.h */ = {isa = PBXFileReference; fileEncoding = 4; lastKnownFileType = sourcecode.c.h; path = GLUtil.h; sourceTree = "<group>"; };
		B67515681FE95B850095A2D5 /* OpenGLESView.h */ = {isa = PBXFileReference; fileEncoding = 4; lastKnownFileType = sourcecode.c.h; path = OpenGLESView.h; sourceTree = "<group>"; };
		B67515691FE95B860095A2D5 /* OpenGLESView.m */ = {isa = PBXFileReference; fileEncoding = 4; lastKnownFileType = sourcecode.c.objc; path = OpenGLESView.m; sourceTree = "<group>"; };
/* End PBXFileReference section */

/* Begin PBXFrameworksBuildPhase section */
		B67515441FE958640095A2D5 /* Frameworks */ = {
			isa = PBXFrameworksBuildPhase;
			buildActionMask = 2147483647;
			files = (
			);
			runOnlyForDeploymentPostprocessing = 0;
		};
/* End PBXFrameworksBuildPhase section */

/* Begin PBXGroup section */
		B675153E1FE958640095A2D5 = {
			isa = PBXGroup;
			children = (
				B67515491FE958640095A2D5 /* opengl_demo */,
				B67515481FE958640095A2D5 /* Products */,
			);
			sourceTree = "<group>";
		};
		B67515481FE958640095A2D5 /* Products */ = {
			isa = PBXGroup;
			children = (
				B67515471FE958640095A2D5 /* opengl_demo.app */,
			);
			name = Products;
			sourceTree = "<group>";
		};
		B67515491FE958640095A2D5 /* opengl_demo */ = {
			isa = PBXGroup;
			children = (
				B67515681FE95B850095A2D5 /* OpenGLESView.h */,
				B67515691FE95B860095A2D5 /* OpenGLESView.m */,
				B67515651FE95B850095A2D5 /* Utils */,
				B67515601FE95B270095A2D5 /* shader */,
				B675154A1FE958640095A2D5 /* AppDelegate.h */,
				B675154B1FE958640095A2D5 /* AppDelegate.m */,
				B675154D1FE958640095A2D5 /* ViewController.h */,
				B675154E1FE958640095A2D5 /* ViewController.m */,
				B67515501FE958640095A2D5 /* Main.storyboard */,
				B67515531FE958640095A2D5 /* Assets.xcassets */,
				B67515551FE958640095A2D5 /* LaunchScreen.storyboard */,
				B67515581FE958640095A2D5 /* Info.plist */,
				B67515591FE958640095A2D5 /* main.m */,
			);
			path = opengl_demo;
			sourceTree = "<group>";
		};
		B67515601FE95B270095A2D5 /* shader */ = {
			isa = PBXGroup;
			children = (
				B67515611FE95B3A0095A2D5 /* vert.glsl */,
				B67515631FE95B4A0095A2D5 /* frag.glsl */,
			);
			path = shader;
			sourceTree = "<group>";
		};
		B67515651FE95B850095A2D5 /* Utils */ = {
			isa = PBXGroup;
			children = (
				B67515661FE95B850095A2D5 /* GLUtil.c */,
				B67515671FE95B850095A2D5 /* GLUtil.h */,
			);
			path = Utils;
			sourceTree = "<group>";
		};
/* End PBXGroup section */

/* Begin PBXNativeTarget section */
		B67515461FE958640095A2D5 /* opengl_demo */ = {
			isa = PBXNativeTarget;
			buildConfigurationList = B675155D1FE958640095A2D5 /* Build configuration list for PBXNativeTarget "opengl_demo" */;
			buildPhases = (
				B67515431FE958640095A2D5 /* Sources */,
				B67515441FE958640095A2D5 /* Frameworks */,
				B67515451FE958640095A2D5 /* Resources */,
			);
			buildRules = (
			);
			dependencies = (
			);
			name = opengl_demo;
			productName = opengl_demo;
			productReference = B67515471FE958640095A2D5 /* opengl_demo.app */;
			productType = "com.apple.product-type.application";
		};
/* End PBXNativeTarget section */

/* Begin PBXProject section */
		B675153F1FE958640095A2D5 /* Project object */ = {
			isa = PBXProject;
			attributes = {
				LastUpgradeCheck = 0910;
				ORGANIZATIONNAME = LiYang;
				TargetAttributes = {
					B67515461FE958640095A2D5 = {
						CreatedOnToolsVersion = 9.1;
						ProvisioningStyle = Automatic;
					};
				};
			};
			buildConfigurationList = B67515421FE958640095A2D5 /* Build configuration list for PBXProject "opengl_demo" */;
			compatibilityVersion = "Xcode 8.0";
			developmentRegion = en;
			hasScannedForEncodings = 0;
			knownRegions = (
				en,
				Base,
			);
			mainGroup = B675153E1FE958640095A2D5;
			productRefGroup = B67515481FE958640095A2D5 /* Products */;
			projectDirPath = "";
			projectRoot = "";
			targets = (
				B67515461FE958640095A2D5 /* opengl_demo */,
			);
		};
/* End PBXProject section */

/* Begin PBXResourcesBuildPhase section */
		B67515451FE958640095A2D5 /* Resources */ = {
			isa = PBXResourcesBuildPhase;
			buildActionMask = 2147483647;
			files = (
				B67515571FE958640095A2D5 /* LaunchScreen.storyboard in Resources */,
				B67515541FE958640095A2D5 /* Assets.xcassets in Resources */,
				B67515621FE95B3A0095A2D5 /* vert.glsl in Resources */,
				B67515641FE95B4A0095A2D5 /* frag.glsl in Resources */,
				B67515521FE958640095A2D5 /* Main.storyboard in Resources */,
			);
			runOnlyForDeploymentPostprocessing = 0;
		};
/* End PBXResourcesBuildPhase section */

/* Begin PBXSourcesBuildPhase section */
		B67515431FE958640095A2D5 /* Sources */ = {
			isa = PBXSourcesBuildPhase;
			buildActionMask = 2147483647;
			files = (
				B675154F1FE958640095A2D5 /* ViewController.m in Sources */,
				B675156B1FE95B860095A2D5 /* OpenGLESView.m in Sources */,
				B675155A1FE958640095A2D5 /* main.m in Sources */,
				B675156A1FE95B860095A2D5 /* GLUtil.c in Sources */,
				B675154C1FE958640095A2D5 /* AppDelegate.m in Sources */,
			);
			runOnlyForDeploymentPostprocessing = 0;
		};
/* End PBXSourcesBuildPhase section */

/* Begin PBXVariantGroup section */
		B67515501FE958640095A2D5 /* Main.storyboard */ = {
			isa = PBXVariantGroup;
			children = (
				B67515511FE958640095A2D5 /* Base */,
			);
			name = Main.storyboard;
			sourceTree = "<group>";
		};
		B67515551FE958640095A2D5 /* LaunchScreen.storyboard */ = {
			isa = PBXVariantGroup;
			children = (
				B67515561FE958640095A2D5 /* Base */,
			);
			name = LaunchScreen.storyboard;
			sourceTree = "<group>";
		};
/* End PBXVariantGroup section */

/* Begin XCBuildConfiguration section */
		B675155B1FE958640095A2D5 /* Debug */ = {
			isa = XCBuildConfiguration;
			buildSettings = {
				ALWAYS_SEARCH_USER_PATHS = NO;
				CLANG_ANALYZER_NONNULL = YES;
				CLANG_ANALYZER_NUMBER_OBJECT_CONVERSION = YES_AGGRESSIVE;
				CLANG_CXX_LANGUAGE_STANDARD = "gnu++14";
				CLANG_CXX_LIBRARY = "libc++";
				CLANG_ENABLE_MODULES = YES;
				CLANG_ENABLE_OBJC_ARC = YES;
				CLANG_WARN_BLOCK_CAPTURE_AUTORELEASING = YES;
				CLANG_WARN_BOOL_CONVERSION = YES;
				CLANG_WARN_COMMA = YES;
				CLANG_WARN_CONSTANT_CONVERSION = YES;
				CLANG_WARN_DIRECT_OBJC_ISA_USAGE = YES_ERROR;
				CLANG_WARN_DOCUMENTATION_COMMENTS = YES;
				CLANG_WARN_EMPTY_BODY = YES;
				CLANG_WARN_ENUM_CONVERSION = YES;
				CLANG_WARN_INFINITE_RECURSION = YES;
				CLANG_WARN_INT_CONVERSION = YES;
				CLANG_WARN_NON_LITERAL_NULL_CONVERSION = YES;
				CLANG_WARN_OBJC_LITERAL_CONVERSION = YES;
				CLANG_WARN_OBJC_ROOT_CLASS = YES_ERROR;
				CLANG_WARN_RANGE_LOOP_ANALYSIS = YES;
				CLANG_WARN_STRICT_PROTOTYPES = YES;
				CLANG_WARN_SUSPICIOUS_MOVE = YES;
				CLANG_WARN_UNGUARDED_AVAILABILITY = YES_AGGRESSIVE;
				CLANG_WARN_UNREACHABLE_CODE = YES;
				CLANG_WARN__DUPLICATE_METHOD_MATCH = YES;
				CODE_SIGN_IDENTITY = "iPhone Developer";
				COPY_PHASE_STRIP = NO;
				DEBUG_INFORMATION_FORMAT = dwarf;
				ENABLE_STRICT_OBJC_MSGSEND = YES;
				ENABLE_TESTABILITY = YES;
				GCC_C_LANGUAGE_STANDARD = gnu11;
				GCC_DYNAMIC_NO_PIC = NO;
				GCC_NO_COMMON_BLOCKS = YES;
				GCC_OPTIMIZATION_LEVEL = 0;
				GCC_PREPROCESSOR_DEFINITIONS = (
					"DEBUG=1",
					"$(inherited)",
				);
				GCC_WARN_64_TO_32_BIT_CONVERSION = YES;
				GCC_WARN_ABOUT_RETURN_TYPE = YES_ERROR;
				GCC_WARN_UNDECLARED_SELECTOR = YES;
				GCC_WARN_UNINITIALIZED_AUTOS = YES_AGGRESSIVE;
				GCC_WARN_UNUSED_FUNCTION = YES;
				GCC_WARN_UNUSED_VARIABLE = YES;
				IPHONEOS_DEPLOYMENT_TARGET = 11.1;
				MTL_ENABLE_DEBUG_INFO = YES;
				ONLY_ACTIVE_ARCH = YES;
				SDKROOT = iphoneos;
			};
			name = Debug;
		};
		B675155C1FE958640095A2D5 /* Release */ = {
			isa = XCBuildConfiguration;
			buildSettings = {
				ALWAYS_SEARCH_USER_PATHS = NO;
				CLANG_ANALYZER_NONNULL = YES;
				CLANG_ANALYZER_NUMBER_OBJECT_CONVERSION = YES_AGGRESSIVE;
				CLANG_CXX_LANGUAGE_STANDARD = "gnu++14";
				CLANG_CXX_LIBRARY = "libc++";
				CLANG_ENABLE_MODULES = YES;
				CLANG_ENABLE_OBJC_ARC = YES;
				CLANG_WARN_BLOCK_CAPTURE_AUTORELEASING = YES;
				CLANG_WARN_BOOL_CONVERSION = YES;
				CLANG_WARN_COMMA = YES;
				CLANG_WARN_CONSTANT_CONVERSION = YES;
				CLANG_WARN_DIRECT_OBJC_ISA_USAGE = YES_ERROR;
				CLANG_WARN_DOCUMENTATION_COMMENTS = YES;
				CLANG_WARN_EMPTY_BODY = YES;
				CLANG_WARN_ENUM_CONVERSION = YES;
				CLANG_WARN_INFINITE_RECURSION = YES;
				CLANG_WARN_INT_CONVERSION = YES;
				CLANG_WARN_NON_LITERAL_NULL_CONVERSION = YES;
				CLANG_WARN_OBJC_LITERAL_CONVERSION = YES;
				CLANG_WARN_OBJC_ROOT_CLASS = YES_ERROR;
				CLANG_WARN_RANGE_LOOP_ANALYSIS = YES;
				CLANG_WARN_STRICT_PROTOTYPES = YES;
				CLANG_WARN_SUSPICIOUS_MOVE = YES;
				CLANG_WARN_UNGUARDED_AVAILABILITY = YES_AGGRESSIVE;
				CLANG_WARN_UNREACHABLE_CODE = YES;
				CLANG_WARN__DUPLICATE_METHOD_MATCH = YES;
				CODE_SIGN_IDENTITY = "iPhone Developer";
				COPY_PHASE_STRIP = NO;
				DEBUG_INFORMATION_FORMAT = "dwarf-with-dsym";
				ENABLE_NS_ASSERTIONS = NO;
				ENABLE_STRICT_OBJC_MSGSEND = YES;
				GCC_C_LANGUAGE_STANDARD = gnu11;
				GCC_NO_COMMON_BLOCKS = YES;
				GCC_WARN_64_TO_32_BIT_CONVERSION = YES;
				GCC_WARN_ABOUT_RETURN_TYPE = YES_ERROR;
				GCC_WARN_UNDECLARED_SELECTOR = YES;
				GCC_WARN_UNINITIALIZED_AUTOS = YES_AGGRESSIVE;
				GCC_WARN_UNUSED_FUNCTION = YES;
				GCC_WARN_UNUSED_VARIABLE = YES;
				IPHONEOS_DEPLOYMENT_TARGET = 11.1;
				MTL_ENABLE_DEBUG_INFO = NO;
				SDKROOT = iphoneos;
				VALIDATE_PRODUCT = YES;
			};
			name = Release;
		};
		B675155E1FE958640095A2D5 /* Debug */ = {
			isa = XCBuildConfiguration;
			buildSettings = {
				ASSETCATALOG_COMPILER_APPICON_NAME = AppIcon;
				CODE_SIGN_STYLE = Automatic;
				DEVELOPMENT_TEAM = CD678479PM;
				INFOPLIST_FILE = opengl_demo/Info.plist;
				IPHONEOS_DEPLOYMENT_TARGET = 10.0;
				LD_RUNPATH_SEARCH_PATHS = "$(inherited) @executable_path/Frameworks";
				PRODUCT_BUNDLE_IDENTIFIER = "com.LiYang.start.opengl-demoj";
				PRODUCT_NAME = "$(TARGET_NAME)";
				TARGETED_DEVICE_FAMILY = "1,2";
			};
			name = Debug;
		};
		B675155F1FE958640095A2D5 /* Release */ = {
			isa = XCBuildConfiguration;
			buildSettings = {
				ASSETCATALOG_COMPILER_APPICON_NAME = AppIcon;
				CODE_SIGN_STYLE = Automatic;
				DEVELOPMENT_TEAM = CD678479PM;
				INFOPLIST_FILE = opengl_demo/Info.plist;
				IPHONEOS_DEPLOYMENT_TARGET = 10.0;
				LD_RUNPATH_SEARCH_PATHS = "$(inherited) @executable_path/Frameworks";
				PRODUCT_BUNDLE_IDENTIFIER = "com.LiYang.start.opengl-demoj";
				PRODUCT_NAME = "$(TARGET_NAME)";
				TARGETED_DEVICE_FAMILY = "1,2";
			};
			name = Release;
		};
/* End XCBuildConfiguration section */

/* Begin XCConfigurationList section */
		B67515421FE958640095A2D5 /* Build configuration list for PBXProject "opengl_demo" */ = {
			isa = XCConfigurationList;
			buildConfigurations = (
				B675155B1FE958640095A2D5 /* Debug */,
				B675155C1FE958640095A2D5 /* Release */,
			);
			defaultConfigurationIsVisible = 0;
			defaultConfigurationName = Release;
		};
		B675155D1FE958640095A2D5 /* Build configuration list for PBXNativeTarget "opengl_demo" */ = {
			isa = XCConfigurationList;
			buildConfigurations = (
				B675155E1FE958640095A2D5 /* Debug */,
				B675155F1FE958640095A2D5 /* Release */,
			);
			defaultConfigurationIsVisible = 0;
			defaultConfigurationName = Release;
		};
/* End XCConfigurationList section */
	};
	rootObject = B675153F1FE958640095A2D5 /* Project object */;
}
